
Microsoft Visual Studio Solution File, Format Version 12.00
# Visual Studio 14
VisualStudioVersion = 14.0.25420.1
MinimumVisualStudioVersion = 10.0.40219.1
Project("{FAE04EC0-301F-11D3-BF4B-00C04F79EFBC}") = "CardSort", "CardSort\CardSort.csproj", "{997CAD03-508B-44C1-91A2-208282170C2A}"
EndProject
Project("{FAE04EC0-301F-11D3-BF4B-00C04F79EFBC}") = "Tests", "Tests\Tests.csproj", "{00BFA255-2043-45C3-96AD-85B0A1A5CA75}"
EndProject
Project("{FAE04EC0-301F-11D3-BF4B-00C04F79EFBC}") = "Domain", "Domain\Domain.csproj", "{5C15FD10-1792-43AF-AE19-3C95FFF004E7}"
EndProject
Global
	GlobalSection(SolutionConfigurationPlatforms) = preSolution
		Debug|Any CPU = Debug|Any CPU
		Release|Any CPU = Release|Any CPU
	EndGlobalSection
	GlobalSection(ProjectConfigurationPlatforms) = postSolution
		{997CAD03-508B-44C1-91A2-208282170C2A}.Debug|Any CPU.ActiveCfg = Debug|Any CPU
		{997CAD03-508B-44C1-91A2-208282170C2A}.Debug|Any CPU.Build.0 = Debug|Any CPU
		{997CAD03-508B-44C1-91A2-208282170C2A}.Release|Any CPU.ActiveCfg = Release|Any CPU
		{997CAD03-508B-44C1-91A2-208282170C2A}.Release|Any CPU.Build.0 = Release|Any CPU
		{00BFA255-2043-45C3-96AD-85B0A1A5CA75}.Debug|Any CPU.ActiveCfg = Debug|Any CPU
		{00BFA255-2043-45C3-96AD-85B0A1A5CA75}.Debug|Any CPU.Build.0 = Debug|Any CPU
		{00BFA255-2043-45C3-96AD-85B0A1A5CA75}.Release|Any CPU.ActiveCfg = Release|Any CPU
		{00BFA255-2043-45C3-96AD-85B0A1A5CA75}.Release|Any CPU.Build.0 = Release|Any CPU
		{5C15FD10-1792-43AF-AE19-3C95FFF004E7}.Debug|Any CPU.ActiveCfg = Debug|Any CPU
		{5C15FD10-1792-43AF-AE19-3C95FFF004E7}.Debug|Any CPU.Build.0 = Debug|Any CPU
		{5C15FD10-1792-43AF-AE19-3C95FFF004E7}.Release|Any CPU.ActiveCfg = Release|Any CPU
		{5C15FD10-1792-43AF-AE19-3C95FFF004E7}.Release|Any CPU.Build.0 = Release|Any CPU
	EndGlobalSection
	GlobalSection(SolutionProperties) = preSolution
		HideSolutionNode = FALSE
	EndGlobalSection
EndGlobal
